// !$*UTF8*$!
{
	archiveVersion = 1;
	classes = {
	};
	objectVersion = 46;
	objects = {

/* Begin PBXBuildFile section */
		4B6EB1C61F53B0D4005BADFE /* AppDelegate.swift in Sources */ = {isa = PBXBuildFile; fileRef = 4B6EB1C51F53B0D4005BADFE /* AppDelegate.swift */; };
		4B6EB1C81F53B0D4005BADFE /* ViewController.swift in Sources */ = {isa = PBXBuildFile; fileRef = 4B6EB1C71F53B0D4005BADFE /* ViewController.swift */; };
		4B6EB1CB1F53B0D4005BADFE /* Main.storyboard in Resources */ = {isa = PBXBuildFile; fileRef = 4B6EB1C91F53B0D4005BADFE /* Main.storyboard */; };
		4B6EB1CD1F53B0D4005BADFE /* Assets.xcassets in Resources */ = {isa = PBXBuildFile; fileRef = 4B6EB1CC1F53B0D4005BADFE /* Assets.xcassets */; };
		4B6EB1D01F53B0D4005BADFE /* LaunchScreen.storyboard in Resources */ = {isa = PBXBuildFile; fileRef = 4B6EB1CE1F53B0D4005BADFE /* LaunchScreen.storyboard */; };
		4B6EB1DB1F53B0D4005BADFE /* DVActionSheetDemoTests.swift in Sources */ = {isa = PBXBuildFile; fileRef = 4B6EB1DA1F53B0D4005BADFE /* DVActionSheetDemoTests.swift */; };
		4B6EB1E61F53B0D4005BADFE /* DVActionSheetDemoUITests.swift in Sources */ = {isa = PBXBuildFile; fileRef = 4B6EB1E51F53B0D4005BADFE /* DVActionSheetDemoUITests.swift */; };
		4B6EB1F41F53B133005BADFE /* DVActionSheetVC.swift in Sources */ = {isa = PBXBuildFile; fileRef = 4B6EB1F31F53B133005BADFE /* DVActionSheetVC.swift */; };
		4B6EB1F91F53F5FC005BADFE /* IMG_1625.PNG in Resources */ = {isa = PBXBuildFile; fileRef = 4B6EB1F81F53F5FC005BADFE /* IMG_1625.PNG */; };
/* End PBXBuildFile section */

/* Begin PBXContainerItemProxy section */
		4B6EB1D71F53B0D4005BADFE /* PBXContainerItemProxy */ = {
			isa = PBXContainerItemProxy;
			containerPortal = 4B6EB1BA1F53B0D4005BADFE /* Project object */;
			proxyType = 1;
			remoteGlobalIDString = 4B6EB1C11F53B0D4005BADFE;
			remoteInfo = DVActionSheetDemo;
		};
		4B6EB1E21F53B0D4005BADFE /* PBXContainerItemProxy */ = {
			isa = PBXContainerItemProxy;
			containerPortal = 4B6EB1BA1F53B0D4005BADFE /* Project object */;
			proxyType = 1;
			remoteGlobalIDString = 4B6EB1C11F53B0D4005BADFE;
			remoteInfo = DVActionSheetDemo;
		};
/* End PBXContainerItemProxy section */

/* Begin PBXFileReference section */
		4B6EB1C21F53B0D4005BADFE /* DVActionSheetDemo.app */ = {isa = PBXFileReference; explicitFileType = wrapper.application; includeInIndex = 0; path = DVActionSheetDemo.app; sourceTree = BUILT_PRODUCTS_DIR; };
		4B6EB1C51F53B0D4005BADFE /* AppDelegate.swift */ = {isa = PBXFileReference; lastKnownFileType = sourcecode.swift; path = AppDelegate.swift; sourceTree = "<group>"; };
		4B6EB1C71F53B0D4005BADFE /* ViewController.swift */ = {isa = PBXFileReference; lastKnownFileType = sourcecode.swift; path = ViewController.swift; sourceTree = "<group>"; };
		4B6EB1CA1F53B0D4005BADFE /* Base */ = {isa = PBXFileReference; lastKnownFileType = file.storyboard; name = Base; path = Base.lproj/Main.storyboard; sourceTree = "<group>"; };
		4B6EB1CC1F53B0D4005BADFE /* Assets.xcassets */ = {isa = PBXFileReference; lastKnownFileType = folder.assetcatalog; path = Assets.xcassets; sourceTree = "<group>"; };
		4B6EB1CF1F53B0D4005BADFE /* Base */ = {isa = PBXFileReference; lastKnownFileType = file.storyboard; name = Base; path = Base.lproj/LaunchScreen.storyboard; sourceTree = "<group>"; };
		4B6EB1D11F53B0D4005BADFE /* Info.plist */ = {isa = PBXFileReference; lastKnownFileType = text.plist.xml; path = Info.plist; sourceTree = "<group>"; };
		4B6EB1D61F53B0D4005BADFE /* DVActionSheetDemoTests.xctest */ = {isa = PBXFileReference; explicitFileType = wrapper.cfbundle; includeInIndex = 0; path = DVActionSheetDemoTests.xctest; sourceTree = BUILT_PRODUCTS_DIR; };
		4B6EB1DA1F53B0D4005BADFE /* DVActionSheetDemoTests.swift */ = {isa = PBXFileReference; lastKnownFileType = sourcecode.swift; path = DVActionSheetDemoTests.swift; sourceTree = "<group>"; };
		4B6EB1DC1F53B0D4005BADFE /* Info.plist */ = {isa = PBXFileReference; lastKnownFileType = text.plist.xml; path = Info.plist; sourceTree = "<group>"; };
		4B6EB1E11F53B0D4005BADFE /* DVActionSheetDemoUITests.xctest */ = {isa = PBXFileReference; explicitFileType = wrapper.cfbundle; includeInIndex = 0; path = DVActionSheetDemoUITests.xctest; sourceTree = BUILT_PRODUCTS_DIR; };
		4B6EB1E51F53B0D4005BADFE /* DVActionSheetDemoUITests.swift */ = {isa = PBXFileReference; lastKnownFileType = sourcecode.swift; path = DVActionSheetDemoUITests.swift; sourceTree = "<group>"; };
		4B6EB1E71F53B0D4005BADFE /* Info.plist */ = {isa = PBXFileReference; lastKnownFileType = text.plist.xml; path = Info.plist; sourceTree = "<group>"; };
		4B6EB1F31F53B133005BADFE /* DVActionSheetVC.swift */ = {isa = PBXFileReference; fileEncoding = 4; lastKnownFileType = sourcecode.swift; path = DVActionSheetVC.swift; sourceTree = "<group>"; };
		4B6EB1F81F53F5FC005BADFE /* IMG_1625.PNG */ = {isa = PBXFileReference; lastKnownFileType = image.png; path = IMG_1625.PNG; sourceTree = "<group>"; };
/* End PBXFileReference section */

/* Begin PBXFrameworksBuildPhase section */
		4B6EB1BF1F53B0D4005BADFE /* Frameworks */ = {
			isa = PBXFrameworksBuildPhase;
			buildActionMask = 2147483647;
			files = (
			);
			runOnlyForDeploymentPostprocessing = 0;
		};
		4B6EB1D31F53B0D4005BADFE /* Frameworks */ = {
			isa = PBXFrameworksBuildPhase;
			buildActionMask = 2147483647;
			files = (
			);
			runOnlyForDeploymentPostprocessing = 0;
		};
		4B6EB1DE1F53B0D4005BADFE /* Frameworks */ = {
			isa = PBXFrameworksBuildPhase;
			buildActionMask = 2147483647;
			files = (
			);
			runOnlyForDeploymentPostprocessing = 0;
		};
/* End PBXFrameworksBuildPhase section */

/* Begin PBXGroup section */
		4B6EB1B91F53B0D4005BADFE = {
			isa = PBXGroup;
			children = (
				4B6EB1C41F53B0D4005BADFE /* DVActionSheetDemo */,
				4B6EB1D91F53B0D4005BADFE /* DVActionSheetDemoTests */,
				4B6EB1E41F53B0D4005BADFE /* DVActionSheetDemoUITests */,
				4B6EB1C31F53B0D4005BADFE /* Products */,
			);
			sourceTree = "<group>";
		};
		4B6EB1C31F53B0D4005BADFE /* Products */ = {
			isa = PBXGroup;
			children = (
				4B6EB1C21F53B0D4005BADFE /* DVActionSheetDemo.app */,
				4B6EB1D61F53B0D4005BADFE /* DVActionSheetDemoTests.xctest */,
				4B6EB1E11F53B0D4005BADFE /* DVActionSheetDemoUITests.xctest */,
			);
			name = Products;
			sourceTree = "<group>";
		};
		4B6EB1C41F53B0D4005BADFE /* DVActionSheetDemo */ = {
			isa = PBXGroup;
			children = (
				4B6EB1C51F53B0D4005BADFE /* AppDelegate.swift */,
				4B6EB1C71F53B0D4005BADFE /* ViewController.swift */,
				4B6EB1F31F53B133005BADFE /* DVActionSheetVC.swift */,
				4B6EB1C91F53B0D4005BADFE /* Main.storyboard */,
				4B6EB1CC1F53B0D4005BADFE /* Assets.xcassets */,
				4B6EB1CE1F53B0D4005BADFE /* LaunchScreen.storyboard */,
				4B6EB1D11F53B0D4005BADFE /* Info.plist */,
				4B6EB1F71F53F5FC005BADFE /* ScreenShots */,
			);
			path = DVActionSheetDemo;
			sourceTree = "<group>";
		};
		4B6EB1D91F53B0D4005BADFE /* DVActionSheetDemoTests */ = {
			isa = PBXGroup;
			children = (
				4B6EB1DA1F53B0D4005BADFE /* DVActionSheetDemoTests.swift */,
				4B6EB1DC1F53B0D4005BADFE /* Info.plist */,
			);
			path = DVActionSheetDemoTests;
			sourceTree = "<group>";
		};
		4B6EB1E41F53B0D4005BADFE /* DVActionSheetDemoUITests */ = {
			isa = PBXGroup;
			children = (
				4B6EB1E51F53B0D4005BADFE /* DVActionSheetDemoUITests.swift */,
				4B6EB1E71F53B0D4005BADFE /* Info.plist */,
			);
			path = DVActionSheetDemoUITests;
			sourceTree = "<group>";
		};
		4B6EB1F71F53F5FC005BADFE /* ScreenShots */ = {
			isa = PBXGroup;
			children = (
				4B6EB1F81F53F5FC005BADFE /* IMG_1625.PNG */,
			);
			path = ScreenShots;
			sourceTree = "<group>";
		};
/* End PBXGroup section */

/* Begin PBXNativeTarget section */
		4B6EB1C11F53B0D4005BADFE /* DVActionSheetDemo */ = {
			isa = PBXNativeTarget;
			buildConfigurationList = 4B6EB1EA1F53B0D4005BADFE /* Build configuration list for PBXNativeTarget "DVActionSheetDemo" */;
			buildPhases = (
				4B6EB1BE1F53B0D4005BADFE /* Sources */,
				4B6EB1BF1F53B0D4005BADFE /* Frameworks */,
				4B6EB1C01F53B0D4005BADFE /* Resources */,
			);
			buildRules = (
			);
			dependencies = (
			);
			name = DVActionSheetDemo;
			productName = DVActionSheetDemo;
			productReference = 4B6EB1C21F53B0D4005BADFE /* DVActionSheetDemo.app */;
			productType = "com.apple.product-type.application";
		};
		4B6EB1D51F53B0D4005BADFE /* DVActionSheetDemoTests */ = {
			isa = PBXNativeTarget;
			buildConfigurationList = 4B6EB1ED1F53B0D4005BADFE /* Build configuration list for PBXNativeTarget "DVActionSheetDemoTests" */;
			buildPhases = (
				4B6EB1D21F53B0D4005BADFE /* Sources */,
				4B6EB1D31F53B0D4005BADFE /* Frameworks */,
				4B6EB1D41F53B0D4005BADFE /* Resources */,
			);
			buildRules = (
			);
			dependencies = (
				4B6EB1D81F53B0D4005BADFE /* PBXTargetDependency */,
			);
			name = DVActionSheetDemoTests;
			productName = DVActionSheetDemoTests;
			productReference = 4B6EB1D61F53B0D4005BADFE /* DVActionSheetDemoTests.xctest */;
			productType = "com.apple.product-type.bundle.unit-test";
		};
		4B6EB1E01F53B0D4005BADFE /* DVActionSheetDemoUITests */ = {
			isa = PBXNativeTarget;
			buildConfigurationList = 4B6EB1F01F53B0D4005BADFE /* Build configuration list for PBXNativeTarget "DVActionSheetDemoUITests" */;
			buildPhases = (
				4B6EB1DD1F53B0D4005BADFE /* Sources */,
				4B6EB1DE1F53B0D4005BADFE /* Frameworks */,
				4B6EB1DF1F53B0D4005BADFE /* Resources */,
			);
			buildRules = (
			);
			dependencies = (
				4B6EB1E31F53B0D4005BADFE /* PBXTargetDependency */,
			);
			name = DVActionSheetDemoUITests;
			productName = DVActionSheetDemoUITests;
			productReference = 4B6EB1E11F53B0D4005BADFE /* DVActionSheetDemoUITests.xctest */;
			productType = "com.apple.product-type.bundle.ui-testing";
		};
/* End PBXNativeTarget section */

/* Begin PBXProject section */
		4B6EB1BA1F53B0D4005BADFE /* Project object */ = {
			isa = PBXProject;
			attributes = {
				LastSwiftUpdateCheck = 0830;
				LastUpgradeCheck = 0830;
				ORGANIZATIONNAME = david;
				TargetAttributes = {
					4B6EB1C11F53B0D4005BADFE = {
						CreatedOnToolsVersion = 8.3.3;
						DevelopmentTeam = W44VGDHSN2;
						ProvisioningStyle = Manual;
					};
					4B6EB1D51F53B0D4005BADFE = {
						CreatedOnToolsVersion = 8.3.3;
						DevelopmentTeam = D8Q225Y964;
						ProvisioningStyle = Automatic;
						TestTargetID = 4B6EB1C11F53B0D4005BADFE;
					};
					4B6EB1E01F53B0D4005BADFE = {
						CreatedOnToolsVersion = 8.3.3;
						DevelopmentTeam = D8Q225Y964;
						ProvisioningStyle = Automatic;
						TestTargetID = 4B6EB1C11F53B0D4005BADFE;
					};
				};
			};
			buildConfigurationList = 4B6EB1BD1F53B0D4005BADFE /* Build configuration list for PBXProject "DVActionSheetDemo" */;
			compatibilityVersion = "Xcode 3.2";
			developmentRegion = English;
			hasScannedForEncodings = 0;
			knownRegions = (
				en,
				Base,
			);
			mainGroup = 4B6EB1B91F53B0D4005BADFE;
			productRefGroup = 4B6EB1C31F53B0D4005BADFE /* Products */;
			projectDirPath = "";
			projectRoot = "";
			targets = (
				4B6EB1C11F53B0D4005BADFE /* DVActionSheetDemo */,
				4B6EB1D51F53B0D4005BADFE /* DVActionSheetDemoTests */,
				4B6EB1E01F53B0D4005BADFE /* DVActionSheetDemoUITests */,
			);
		};
/* End PBXProject section */

/* Begin PBXResourcesBuildPhase section */
		4B6EB1C01F53B0D4005BADFE /* Resources */ = {
			isa = PBXResourcesBuildPhase;
			buildActionMask = 2147483647;
			files = (
				4B6EB1D01F53B0D4005BADFE /* LaunchScreen.storyboard in Resources */,
				4B6EB1F91F53F5FC005BADFE /* IMG_1625.PNG in Resources */,
				4B6EB1CD1F53B0D4005BADFE /* Assets.xcassets in Resources */,
				4B6EB1CB1F53B0D4005BADFE /* Main.storyboard in Resources */,
			);
			runOnlyForDeploymentPostprocessing = 0;
		};
		4B6EB1D41F53B0D4005BADFE /* Resources */ = {
			isa = PBXResourcesBuildPhase;
			buildActionMask = 2147483647;
			files = (
			);
			runOnlyForDeploymentPostprocessing = 0;
		};
		4B6EB1DF1F53B0D4005BADFE /* Resources */ = {
			isa = PBXResourcesBuildPhase;
			buildActionMask = 2147483647;
			files = (
			);
			runOnlyForDeploymentPostprocessing = 0;
		};
/* End PBXResourcesBuildPhase section */

/* Begin PBXSourcesBuildPhase section */
		4B6EB1BE1F53B0D4005BADFE /* Sources */ = {
			isa = PBXSourcesBuildPhase;
			buildActionMask = 2147483647;
			files = (
				4B6EB1C81F53B0D4005BADFE /* ViewController.swift in Sources */,
				4B6EB1F41F53B133005BADFE /* DVActionSheetVC.swift in Sources */,
				4B6EB1C61F53B0D4005BADFE /* AppDelegate.swift in Sources */,
			);
			runOnlyForDeploymentPostprocessing = 0;
		};
		4B6EB1D21F53B0D4005BADFE /* Sources */ = {
			isa = PBXSourcesBuildPhase;
			buildActionMask = 2147483647;
			files = (
				4B6EB1DB1F53B0D4005BADFE /* DVActionSheetDemoTests.swift in Sources */,
			);
			runOnlyForDeploymentPostprocessing = 0;
		};
		4B6EB1DD1F53B0D4005BADFE /* Sources */ = {
			isa = PBXSourcesBuildPhase;
			buildActionMask = 2147483647;
			files = (
				4B6EB1E61F53B0D4005BADFE /* DVActionSheetDemoUITests.swift in Sources */,
			);
			runOnlyForDeploymentPostprocessing = 0;
		};
/* End PBXSourcesBuildPhase section */

/* Begin PBXTargetDependency section */
		4B6EB1D81F53B0D4005BADFE /* PBXTargetDependency */ = {
			isa = PBXTargetDependency;
			target = 4B6EB1C11F53B0D4005BADFE /* DVActionSheetDemo */;
			targetProxy = 4B6EB1D71F53B0D4005BADFE /* PBXContainerItemProxy */;
		};
		4B6EB1E31F53B0D4005BADFE /* PBXTargetDependency */ = {
			isa = PBXTargetDependency;
			target = 4B6EB1C11F53B0D4005BADFE /* DVActionSheetDemo */;
			targetProxy = 4B6EB1E21F53B0D4005BADFE /* PBXContainerItemProxy */;
		};
/* End PBXTargetDependency section */

/* Begin PBXVariantGroup section */
		4B6EB1C91F53B0D4005BADFE /* Main.storyboard */ = {
			isa = PBXVariantGroup;
			children = (
				4B6EB1CA1F53B0D4005BADFE /* Base */,
			);
			name = Main.storyboard;
			sourceTree = "<group>";
		};
		4B6EB1CE1F53B0D4005BADFE /* LaunchScreen.storyboard */ = {
			isa = PBXVariantGroup;
			children = (
				4B6EB1CF1F53B0D4005BADFE /* Base */,
			);
			name = LaunchScreen.storyboard;
			sourceTree = "<group>";
		};
/* End PBXVariantGroup section */

/* Begin XCBuildConfiguration section */
		4B6EB1E81F53B0D4005BADFE /* Debug */ = {
			isa = XCBuildConfiguration;
			buildSettings = {
				ALWAYS_SEARCH_USER_PATHS = NO;
				CLANG_ANALYZER_NONNULL = YES;
				CLANG_ANALYZER_NUMBER_OBJECT_CONVERSION = YES_AGGRESSIVE;
				CLANG_CXX_LANGUAGE_STANDARD = "gnu++0x";
				CLANG_CXX_LIBRARY = "libc++";
				CLANG_ENABLE_MODULES = YES;
				CLANG_ENABLE_OBJC_ARC = YES;
				CLANG_WARN_BOOL_CONVERSION = YES;
				CLANG_WARN_CONSTANT_CONVERSION = YES;
				CLANG_WARN_DIRECT_OBJC_ISA_USAGE = YES_ERROR;
				CLANG_WARN_DOCUMENTATION_COMMENTS = YES;
				CLANG_WARN_EMPTY_BODY = YES;
				CLANG_WARN_ENUM_CONVERSION = YES;
				CLANG_WARN_INFINITE_RECURSION = YES;
				CLANG_WARN_INT_CONVERSION = YES;
				CLANG_WARN_OBJC_ROOT_CLASS = YES_ERROR;
				CLANG_WARN_SUSPICIOUS_MOVE = YES;
				CLANG_WARN_UNREACHABLE_CODE = YES;
				CLANG_WARN__DUPLICATE_METHOD_MATCH = YES;
				"CODE_SIGN_IDENTITY[sdk=iphoneos*]" = "iPhone Developer";
				COPY_PHASE_STRIP = NO;
				DEBUG_INFORMATION_FORMAT = dwarf;
				ENABLE_STRICT_OBJC_MSGSEND = YES;
				ENABLE_TESTABILITY = YES;
				GCC_C_LANGUAGE_STANDARD = gnu99;
				GCC_DYNAMIC_NO_PIC = NO;
				GCC_NO_COMMON_BLOCKS = YES;
				GCC_OPTIMIZATION_LEVEL = 0;
				GCC_PREPROCESSOR_DEFINITIONS = (
					"DEBUG=1",
					"$(inherited)",
				);
				GCC_WARN_64_TO_32_BIT_CONVERSION = YES;
				GCC_WARN_ABOUT_RETURN_TYPE = YES_ERROR;
				GCC_WARN_UNDECLARED_SELECTOR = YES;
				GCC_WARN_UNINITIALIZED_AUTOS = YES_AGGRESSIVE;
				GCC_WARN_UNUSED_FUNCTION = YES;
				GCC_WARN_UNUSED_VARIABLE = YES;
				IPHONEOS_DEPLOYMENT_TARGET = 10.3;
				MTL_ENABLE_DEBUG_INFO = YES;
				ONLY_ACTIVE_ARCH = YES;
				SDKROOT = iphoneos;
				SWIFT_ACTIVE_COMPILATION_CONDITIONS = DEBUG;
				SWIFT_OPTIMIZATION_LEVEL = "-Onone";
			};
			name = Debug;
		};
		4B6EB1E91F53B0D4005BADFE /* Release */ = {
			isa = XCBuildConfiguration;
			buildSettings = {
				ALWAYS_SEARCH_USER_PATHS = NO;
				CLANG_ANALYZER_NONNULL = YES;
				CLANG_ANALYZER_NUMBER_OBJECT_CONVERSION = YES_AGGRESSIVE;
				CLANG_CXX_LANGUAGE_STANDARD = "gnu++0x";
				CLANG_CXX_LIBRARY = "libc++";
				CLANG_ENABLE_MODULES = YES;
				CLANG_ENABLE_OBJC_ARC = YES;
				CLANG_WARN_BOOL_CONVERSION = YES;
				CLANG_WARN_CONSTANT_CONVERSION = YES;
				CLANG_WARN_DIRECT_OBJC_ISA_USAGE = YES_ERROR;
				CLANG_WARN_DOCUMENTATION_COMMENTS = YES;
				CLANG_WARN_EMPTY_BODY = YES;
				CLANG_WARN_ENUM_CONVERSION = YES;
				CLANG_WARN_INFINITE_RECURSION = YES;
				CLANG_WARN_INT_CONVERSION = YES;
				CLANG_WARN_OBJC_ROOT_CLASS = YES_ERROR;
				CLANG_WARN_SUSPICIOUS_MOVE = YES;
				CLANG_WARN_UNREACHABLE_CODE = YES;
				CLANG_WARN__DUPLICATE_METHOD_MATCH = YES;
				"CODE_SIGN_IDENTITY[sdk=iphoneos*]" = "iPhone Developer";
				COPY_PHASE_STRIP = NO;
				DEBUG_INFORMATION_FORMAT = "dwarf-with-dsym";
				ENABLE_NS_ASSERTIONS = NO;
				ENABLE_STRICT_OBJC_MSGSEND = YES;
				GCC_C_LANGUAGE_STANDARD = gnu99;
				GCC_NO_COMMON_BLOCKS = YES;
				GCC_WARN_64_TO_32_BIT_CONVERSION = YES;
				GCC_WARN_ABOUT_RETURN_TYPE = YES_ERROR;
				GCC_WARN_UNDECLARED_SELECTOR = YES;
				GCC_WARN_UNINITIALIZED_AUTOS = YES_AGGRESSIVE;
				GCC_WARN_UNUSED_FUNCTION = YES;
				GCC_WARN_UNUSED_VARIABLE = YES;
				IPHONEOS_DEPLOYMENT_TARGET = 10.3;
				MTL_ENABLE_DEBUG_INFO = NO;
				SDKROOT = iphoneos;
				SWIFT_OPTIMIZATION_LEVEL = "-Owholemodule";
				VALIDATE_PRODUCT = YES;
			};
			name = Release;
		};
		4B6EB1EB1F53B0D4005BADFE /* Debug */ = {
			isa = XCBuildConfiguration;
			buildSettings = {
				ASSETCATALOG_COMPILER_APPICON_NAME = AppIcon;
				DEVELOPMENT_TEAM = W44VGDHSN2;
				INFOPLIST_FILE = DVActionSheetDemo/Info.plist;
				IPHONEOS_DEPLOYMENT_TARGET = 8.0;
				LD_RUNPATH_SEARCH_PATHS = "$(inherited) @executable_path/Frameworks";
				PRODUCT_BUNDLE_IDENTIFIER = com.amall360.amalltest;
				PRODUCT_NAME = "$(TARGET_NAME)";
				PROVISIONING_PROFILE = "2abf0af1-e2d1-4f86-979b-fe03acc20ba0";
				PROVISIONING_PROFILE_SPECIFIER = amalltestDevelopment;
				SWIFT_VERSION = 3.0;
			};
			name = Debug;
		};
		4B6EB1EC1F53B0D4005BADFE /* Release */ = {
			isa = XCBuildConfiguration;
			buildSettings = {
				ASSETCATALOG_COMPILER_APPICON_NAME = AppIcon;
				DEVELOPMENT_TEAM = "";
				INFOPLIST_FILE = DVActionSheetDemo/Info.plist;
				IPHONEOS_DEPLOYMENT_TARGET = 8.0;
				LD_RUNPATH_SEARCH_PATHS = "$(inherited) @executable_path/Frameworks";
				PRODUCT_BUNDLE_IDENTIFIER = com.amall360.amalltest;
				PRODUCT_NAME = "$(TARGET_NAME)";
				PROVISIONING_PROFILE_SPECIFIER = "";
				SWIFT_VERSION = 3.0;
			};
			name = Release;
		};
		4B6EB1EE1F53B0D4005BADFE /* Debug */ = {
			isa = XCBuildConfiguration;
			buildSettings = {
				ALWAYS_EMBED_SWIFT_STANDARD_LIBRARIES = YES;
				BUNDLE_LOADER = "$(TEST_HOST)";
				DEVELOPMENT_TEAM = D8Q225Y964;
				INFOPLIST_FILE = DVActionSheetDemoTests/Info.plist;
				LD_RUNPATH_SEARCH_PATHS = "$(inherited) @executable_path/Frameworks @loader_path/Frameworks";
				PRODUCT_BUNDLE_IDENTIFIER = com.amall360.amalltest.DVActionSheetDemoTests;
				PRODUCT_NAME = "$(TARGET_NAME)";
				SWIFT_VERSION = 3.0;
				TEST_HOST = "$(BUILT_PRODUCTS_DIR)/DVActionSheetDemo.app/DVActionSheetDemo";
			};
			name = Debug;
		};
		4B6EB1EF1F53B0D4005BADFE /* Release */ = {
			isa = XCBuildConfiguration;
			buildSettings = {
				ALWAYS_EMBED_SWIFT_STANDARD_LIBRARIES = YES;
				BUNDLE_LOADER = "$(TEST_HOST)";
				DEVELOPMENT_TEAM = D8Q225Y964;
				INFOPLIST_FILE = DVActionSheetDemoTests/Info.plist;
				LD_RUNPATH_SEARCH_PATHS = "$(inherited) @executable_path/Frameworks @loader_path/Frameworks";
				PRODUCT_BUNDLE_IDENTIFIER = com.amall360.amalltest.DVActionSheetDemoTests;
				PRODUCT_NAME = "$(TARGET_NAME)";
				SWIFT_VERSION = 3.0;
				TEST_HOST = "$(BUILT_PRODUCTS_DIR)/DVActionSheetDemo.app/DVActionSheetDemo";
			};
			name = Release;
		};
		4B6EB1F11F53B0D4005BADFE /* Debug */ = {
			isa = XCBuildConfiguration;
			buildSettings = {
				ALWAYS_EMBED_SWIFT_STANDARD_LIBRARIES = YES;
				DEVELOPMENT_TEAM = D8Q225Y964;
				INFOPLIST_FILE = DVActionSheetDemoUITests/Info.plist;
				LD_RUNPATH_SEARCH_PATHS = "$(inherited) @executable_path/Frameworks @loader_path/Frameworks";
				PRODUCT_BUNDLE_IDENTIFIER = com.amall360.amalltest.DVActionSheetDemoUITests;
				PRODUCT_NAME = "$(TARGET_NAME)";
				SWIFT_VERSION = 3.0;
				TEST_TARGET_NAME = DVActionSheetDemo;
			};
			name = Debug;
		};
		4B6EB1F21F53B0D4005BADFE /* Release */ = {
			isa = XCBuildConfiguration;
			buildSettings = {
				ALWAYS_EMBED_SWIFT_STANDARD_LIBRARIES = YES;
				DEVELOPMENT_TEAM = D8Q225Y964;
				INFOPLIST_FILE = DVActionSheetDemoUITests/Info.plist;
				LD_RUNPATH_SEARCH_PATHS = "$(inherited) @executable_path/Frameworks @loader_path/Frameworks";
				PRODUCT_BUNDLE_IDENTIFIER = com.amall360.amalltest.DVActionSheetDemoUITests;
				PRODUCT_NAME = "$(TARGET_NAME)";
				SWIFT_VERSION = 3.0;
				TEST_TARGET_NAME = DVActionSheetDemo;
			};
			name = Release;
		};
/* End XCBuildConfiguration section */

/* Begin XCConfigurationList section */
		4B6EB1BD1F53B0D4005BADFE /* Build configuration list for PBXProject "DVActionSheetDemo" */ = {
			isa = XCConfigurationList;
			buildConfigurations = (
				4B6EB1E81F53B0D4005BADFE /* Debug */,
				4B6EB1E91F53B0D4005BADFE /* Release */,
			);
			defaultConfigurationIsVisible = 0;
			defaultConfigurationName = Release;
		};
		4B6EB1EA1F53B0D4005BADFE /* Build configuration list for PBXNativeTarget "DVActionSheetDemo" */ = {
			isa = XCConfigurationList;
			buildConfigurations = (
				4B6EB1EB1F53B0D4005BADFE /* Debug */,
				4B6EB1EC1F53B0D4005BADFE /* Release */,
			);
			defaultConfigurationIsVisible = 0;
		};
		4B6EB1ED1F53B0D4005BADFE /* Build configuration list for PBXNativeTarget "DVActionSheetDemoTests" */ = {
			isa = XCConfigurationList;
			buildConfigurations = (
				4B6EB1EE1F53B0D4005BADFE /* Debug */,
				4B6EB1EF1F53B0D4005BADFE /* Release */,
			);
			defaultConfigurationIsVisible = 0;
		};
		4B6EB1F01F53B0D4005BADFE /* Build configuration list for PBXNativeTarget "DVActionSheetDemoUITests" */ = {
			isa = XCConfigurationList;
			buildConfigurations = (
				4B6EB1F11F53B0D4005BADFE /* Debug */,
				4B6EB1F21F53B0D4005BADFE /* Release */,
			);
			defaultConfigurationIsVisible = 0;
		};
/* End XCConfigurationList section */
	};
	rootObject = 4B6EB1BA1F53B0D4005BADFE /* Project object */;
}
